
Microsoft Visual Studio Solution File, Format Version 12.00
# Visual Studio 14
VisualStudioVersion = 14.0.25420.1
MinimumVisualStudioVersion = 10.0.40219.1
Project("{2150E333-8FDC-42A3-9474-1A3956D46DE8}") = "src", "src", "{6286BB65-D900-4F8F-AE71-0D5E5E471A5C}"
EndProject
Project("{2150E333-8FDC-42A3-9474-1A3956D46DE8}") = "Solution Items", "Solution Items", "{520CCF6B-C6B5-4A36-BD5C-01CA1E1BC9CD}"
	ProjectSection(SolutionItems) = preProject
		global.json = global.json
	EndProjectSection
EndProject
Project("{8BB2217D-0F2D-49D1-97BC-3654ED321F3B}") = "TodoWebAppHomeworkAssignment", "src\TodoWebAppHomeworkAssignment\TodoWebAppHomeworkAssignment.xproj", "{AB608ED0-C160-4257-BB55-2E17847BB111}"
EndProject
Project("{FAE04EC0-301F-11D3-BF4B-00C04F79EFBC}") = "TodoRepositoryLibrary", "TodoRepositoryLibrary\TodoRepositoryLibrary.csproj", "{96E8874A-BE95-4420-9E9E-E1E85E4D592B}"
EndProject
Global
	GlobalSection(SolutionConfigurationPlatforms) = preSolution
		Debug|Any CPU = Debug|Any CPU
		Release|Any CPU = Release|Any CPU
	EndGlobalSection
	GlobalSection(ProjectConfigurationPlatforms) = postSolution
		{AB608ED0-C160-4257-BB55-2E17847BB111}.Debug|Any CPU.ActiveCfg = Debug|Any CPU
		{AB608ED0-C160-4257-BB55-2E17847BB111}.Debug|Any CPU.Build.0 = Debug|Any CPU
		{AB608ED0-C160-4257-BB55-2E17847BB111}.Release|Any CPU.ActiveCfg = Release|Any CPU
		{AB608ED0-C160-4257-BB55-2E17847BB111}.Release|Any CPU.Build.0 = Release|Any CPU
		{96E8874A-BE95-4420-9E9E-E1E85E4D592B}.Debug|Any CPU.ActiveCfg = Debug|Any CPU
		{96E8874A-BE95-4420-9E9E-E1E85E4D592B}.Debug|Any CPU.Build.0 = Debug|Any CPU
		{96E8874A-BE95-4420-9E9E-E1E85E4D592B}.Release|Any CPU.ActiveCfg = Release|Any CPU
		{96E8874A-BE95-4420-9E9E-E1E85E4D592B}.Release|Any CPU.Build.0 = Release|Any CPU
	EndGlobalSection
	GlobalSection(SolutionProperties) = preSolution
		HideSolutionNode = FALSE
	EndGlobalSection
	GlobalSection(NestedProjects) = preSolution
		{AB608ED0-C160-4257-BB55-2E17847BB111} = {6286BB65-D900-4F8F-AE71-0D5E5E471A5C}
	EndGlobalSection
EndGlobal
